
Microsoft Visual Studio Solution File, Format Version 12.00
# Visual Studio Version 17
VisualStudioVersion = 17.8.34511.84
MinimumVisualStudioVersion = 10.0.40219.1
Project("{FAE04EC0-301F-11D3-BF4B-00C04F79EFBC}") = "TestRabbitMq", "TestRabbitMq\TestRabbitMq.csproj", "{6414E6FA-099A-492B-90F3-2D377366903E}"
EndProject
Global
	GlobalSection(SolutionConfigurationPlatforms) = preSolution
		Debug|Any CPU = Debug|Any CPU
		Release|Any CPU = Release|Any CPU
	EndGlobalSection
	GlobalSection(ProjectConfigurationPlatforms) = postSolution
		{6414E6FA-099A-492B-90F3-2D377366903E}.Debug|Any CPU.ActiveCfg = Debug|Any CPU
		{6414E6FA-099A-492B-90F3-2D377366903E}.Debug|Any CPU.Build.0 = Debug|Any CPU
		{6414E6FA-099A-492B-90F3-2D377366903E}.Release|Any CPU.ActiveCfg = Release|Any CPU
		{6414E6FA-099A-492B-90F3-2D377366903E}.Release|Any CPU.Build.0 = Release|Any CPU
	EndGlobalSection
	GlobalSection(SolutionProperties) = preSolution
		HideSolutionNode = FALSE
	EndGlobalSection
	GlobalSection(ExtensibilityGlobals) = postSolution
		SolutionGuid = {0A350F35-E226-4C98-93D0-A9905E205841}
	EndGlobalSection
EndGlobal
